
Microsoft Visual Studio Solution File, Format Version 12.00
# Visual Studio Version 17
VisualStudioVersion = 17.6.33723.286
MinimumVisualStudioVersion = 10.0.40219.1
Project("{FAE04EC0-301F-11D3-BF4B-00C04F79EFBC}") = "TiendaApi", "TiendaApi.csproj", "{539BFE58-213B-4ABA-AC49-15860712B6F9}"
EndProject
Global
	GlobalSection(SolutionConfigurationPlatforms) = preSolution
		Debug|Any CPU = Debug|Any CPU
		Release|Any CPU = Release|Any CPU
	EndGlobalSection
	GlobalSection(ProjectConfigurationPlatforms) = postSolution
		{539BFE58-213B-4ABA-AC49-15860712B6F9}.Debug|Any CPU.ActiveCfg = Debug|Any CPU
		{539BFE58-213B-4ABA-AC49-15860712B6F9}.Debug|Any CPU.Build.0 = Debug|Any CPU
		{539BFE58-213B-4ABA-AC49-15860712B6F9}.Release|Any CPU.ActiveCfg = Release|Any CPU
		{539BFE58-213B-4ABA-AC49-15860712B6F9}.Release|Any CPU.Build.0 = Release|Any CPU
	EndGlobalSection
	GlobalSection(SolutionProperties) = preSolution
		HideSolutionNode = FALSE
	EndGlobalSection
	GlobalSection(ExtensibilityGlobals) = postSolution
		SolutionGuid = {D7B0A375-11D6-4CF7-A3DE-9C2A15E805C3}
	EndGlobalSection
EndGlobal
